// !$*UTF8*$!
{
	archiveVersion = 1;
	classes = {
	};
	objectVersion = 56;
	objects = {

/* Begin PBXBuildFile section */
		580DFD71292EEFEA004B2DBA /* HomePageViewController.xib in Resources */ = {isa = PBXBuildFile; fileRef = 580DFD70292EEFEA004B2DBA /* HomePageViewController.xib */; };
		580DFD76292EF0D0004B2DBA /* HomePageCollectionViewCell.swift in Sources */ = {isa = PBXBuildFile; fileRef = 580DFD74292EF0D0004B2DBA /* HomePageCollectionViewCell.swift */; };
		580DFD77292EF0D0004B2DBA /* HomePageCollectionViewCell.xib in Resources */ = {isa = PBXBuildFile; fileRef = 580DFD75292EF0D0004B2DBA /* HomePageCollectionViewCell.xib */; };
		580DFD79292EF3AB004B2DBA /* HomePageProductModel.swift in Sources */ = {isa = PBXBuildFile; fileRef = 580DFD78292EF3AB004B2DBA /* HomePageProductModel.swift */; };
		580DFD7B292EF3E1004B2DBA /* HomePageViewModel.swift in Sources */ = {isa = PBXBuildFile; fileRef = 580DFD7A292EF3E1004B2DBA /* HomePageViewModel.swift */; };
		580DFD85292EF8FF004B2DBA /* SettingsTableViewCell.swift in Sources */ = {isa = PBXBuildFile; fileRef = 580DFD84292EF8FF004B2DBA /* SettingsTableViewCell.swift */; };
		580DFD88292EFA94004B2DBA /* SnapKit in Frameworks */ = {isa = PBXBuildFile; productRef = 580DFD87292EFA94004B2DBA /* SnapKit */; };
		580DFD8A292F0439004B2DBA /* SettingsViewModel.swift in Sources */ = {isa = PBXBuildFile; fileRef = 580DFD89292F0439004B2DBA /* SettingsViewModel.swift */; };
		580DFD8C292F04A9004B2DBA /* SettingsModel.swift in Sources */ = {isa = PBXBuildFile; fileRef = 580DFD8B292F04A9004B2DBA /* SettingsModel.swift */; };
		580DFD8E292F83B5004B2DBA /* LegalDetailsViewController.swift in Sources */ = {isa = PBXBuildFile; fileRef = 580DFD8D292F83B5004B2DBA /* LegalDetailsViewController.swift */; };
		580DFD90292F8DA4004B2DBA /* SettingsLegalCell.swift in Sources */ = {isa = PBXBuildFile; fileRef = 580DFD8F292F8DA4004B2DBA /* SettingsLegalCell.swift */; };
		580DFD94292FDF61004B2DBA /* CustomLabel.swift in Sources */ = {isa = PBXBuildFile; fileRef = 580DFD93292FDF61004B2DBA /* CustomLabel.swift */; };
		580DFD97292FF3D9004B2DBA /* IQKeyboardManagerSwift in Frameworks */ = {isa = PBXBuildFile; productRef = 580DFD96292FF3D9004B2DBA /* IQKeyboardManagerSwift */; };
		580DFD99292FFDDC004B2DBA /* UITextfield+Extensions.swift in Sources */ = {isa = PBXBuildFile; fileRef = 580DFD98292FFDDC004B2DBA /* UITextfield+Extensions.swift */; };
		580DFDA42930A27B004B2DBA /* MintynTests.swift in Sources */ = {isa = PBXBuildFile; fileRef = 580DFDA32930A27B004B2DBA /* MintynTests.swift */; };
		580DFDAC2930B9C8004B2DBA /* CreateValidator.swift in Sources */ = {isa = PBXBuildFile; fileRef = 580DFDAA2930AF12004B2DBA /* CreateValidator.swift */; };
		58568F672C193D2B00E0D79D /* Assertly.docc in Sources */ = {isa = PBXBuildFile; fileRef = 58568F202C193D2A00E0D79D /* Assertly.docc */; };
		58568F682C193D2B00E0D79D /* MintynTests.swift in Sources */ = {isa = PBXBuildFile; fileRef = 58568F252C193D2A00E0D79D /* MintynTests.swift */; };
		58568F692C193D2B00E0D79D /* AppDelegate.swift in Sources */ = {isa = PBXBuildFile; fileRef = 58568F282C193D2A00E0D79D /* AppDelegate.swift */; };
		58568F6A2C193D2B00E0D79D /* SceneDelegate.swift in Sources */ = {isa = PBXBuildFile; fileRef = 58568F292C193D2B00E0D79D /* SceneDelegate.swift */; };
		58568F6B2C193D2B00E0D79D /* ColorAssets.xcassets in Resources */ = {isa = PBXBuildFile; fileRef = 58568F2A2C193D2B00E0D79D /* ColorAssets.xcassets */; };
		58568F6C2C193D2B00E0D79D /* Assets.xcassets in Resources */ = {isa = PBXBuildFile; fileRef = 58568F2B2C193D2B00E0D79D /* Assets.xcassets */; };
		58568F6D2C193D2B00E0D79D /* LaunchScreen.storyboard in Resources */ = {isa = PBXBuildFile; fileRef = 58568F2C2C193D2B00E0D79D /* LaunchScreen.storyboard */; };
		58568F6E2C193D2B00E0D79D /* Constants.swift in Sources */ = {isa = PBXBuildFile; fileRef = 58568F2F2C193D2B00E0D79D /* Constants.swift */; };
		58568F6F2C193D2B00E0D79D /* CreateValidator.swift in Sources */ = {isa = PBXBuildFile; fileRef = 58568F302C193D2B00E0D79D /* CreateValidator.swift */; };
		58568F702C193D2B00E0D79D /* CustomTabBar.swift in Sources */ = {isa = PBXBuildFile; fileRef = 58568F312C193D2B00E0D79D /* CustomTabBar.swift */; };
		58568F712C193D2B00E0D79D /* CustomLabel.swift in Sources */ = {isa = PBXBuildFile; fileRef = 58568F322C193D2B00E0D79D /* CustomLabel.swift */; };
		58568F722C193D2B00E0D79D /* UITextfield+Extensions.swift in Sources */ = {isa = PBXBuildFile; fileRef = 58568F332C193D2B00E0D79D /* UITextfield+Extensions.swift */; };
		58568F732C193D2B00E0D79D /* SettingsViewModel.swift in Sources */ = {isa = PBXBuildFile; fileRef = 58568F372C193D2B00E0D79D /* SettingsViewModel.swift */; };
		58568F742C193D2B00E0D79D /* LegalDetailsViewController.swift in Sources */ = {isa = PBXBuildFile; fileRef = 58568F392C193D2B00E0D79D /* LegalDetailsViewController.swift */; };
		58568F752C193D2B00E0D79D /* SettingsViewController.swift in Sources */ = {isa = PBXBuildFile; fileRef = 58568F3A2C193D2B00E0D79D /* SettingsViewController.swift */; };
		58568F762C193D2B00E0D79D /* SettingsModel.swift in Sources */ = {isa = PBXBuildFile; fileRef = 58568F3C2C193D2B00E0D79D /* SettingsModel.swift */; };
		58568F772C193D2B00E0D79D /* SettingsTableViewCell.swift in Sources */ = {isa = PBXBuildFile; fileRef = 58568F3E2C193D2B00E0D79D /* SettingsTableViewCell.swift */; };
		58568F782C193D2B00E0D79D /* SettingsLegalCell.swift in Sources */ = {isa = PBXBuildFile; fileRef = 58568F3F2C193D2B00E0D79D /* SettingsLegalCell.swift */; };
		58568F792C193D2B00E0D79D /* HomePageViewModel.swift in Sources */ = {isa = PBXBuildFile; fileRef = 58568F422C193D2B00E0D79D /* HomePageViewModel.swift */; };
		58568F7A2C193D2B00E0D79D /* HomePageViewController.xib in Resources */ = {isa = PBXBuildFile; fileRef = 58568F442C193D2B00E0D79D /* HomePageViewController.xib */; };
		58568F7B2C193D2B00E0D79D /* HomePageViewController.swift in Sources */ = {isa = PBXBuildFile; fileRef = 58568F452C193D2B00E0D79D /* HomePageViewController.swift */; };
		58568F7C2C193D2B00E0D79D /* HomePageProductModel.swift in Sources */ = {isa = PBXBuildFile; fileRef = 58568F472C193D2B00E0D79D /* HomePageProductModel.swift */; };
		58568F7D2C193D2B00E0D79D /* HomePageCollectionViewCell.swift in Sources */ = {isa = PBXBuildFile; fileRef = 58568F492C193D2B00E0D79D /* HomePageCollectionViewCell.swift */; };
		58568F7E2C193D2B00E0D79D /* HomePageCollectionViewCell.xib in Resources */ = {isa = PBXBuildFile; fileRef = 58568F4A2C193D2B00E0D79D /* HomePageCollectionViewCell.xib */; };
		58568F7F2C193D2B00E0D79D /* LoginViewModel.swift in Sources */ = {isa = PBXBuildFile; fileRef = 58568F4D2C193D2B00E0D79D /* LoginViewModel.swift */; };
		58568F802C193D2B00E0D79D /* LoginViewController.xib in Resources */ = {isa = PBXBuildFile; fileRef = 58568F4F2C193D2B00E0D79D /* LoginViewController.xib */; };
		58568F812C193D2B00E0D79D /* LoginViewController.swift in Sources */ = {isa = PBXBuildFile; fileRef = 58568F502C193D2B00E0D79D /* LoginViewController.swift */; };
		58568F822C193D2B00E0D79D /* LoginDisplayModel.swift in Sources */ = {isa = PBXBuildFile; fileRef = 58568F522C193D2B00E0D79D /* LoginDisplayModel.swift */; };
		58568F832C193D2B00E0D79D /* LoginCollectionViewCell.swift in Sources */ = {isa = PBXBuildFile; fileRef = 58568F542C193D2B00E0D79D /* LoginCollectionViewCell.swift */; };
		58568F842C193D2B00E0D79D /* LoginCollectionViewCell.xib in Resources */ = {isa = PBXBuildFile; fileRef = 58568F552C193D2B00E0D79D /* LoginCollectionViewCell.xib */; };
		58568F852C193D2B00E0D79D /* TransactionViewController.swift in Sources */ = {isa = PBXBuildFile; fileRef = 58568F572C193D2B00E0D79D /* TransactionViewController.swift */; };
		58568F862C193D2B00E0D79D /* SopportViewController.swift in Sources */ = {isa = PBXBuildFile; fileRef = 58568F592C193D2B00E0D79D /* SopportViewController.swift */; };
		58568F872C193D2B00E0D79D /* MorePageViewController.swift in Sources */ = {isa = PBXBuildFile; fileRef = 58568F5B2C193D2B00E0D79D /* MorePageViewController.swift */; };
		58568F882C193D2B00E0D79D /* Info.plist in Resources */ = {isa = PBXBuildFile; fileRef = 58568F5C2C193D2B00E0D79D /* Info.plist */; };
		58568F892C193D2B00E0D79D /* SOLUTION.md in Resources */ = {isa = PBXBuildFile; fileRef = 58568F602C193D2B00E0D79D /* SOLUTION.md */; };
		58C66094292E7E9500FCC81D /* LoginViewController.xib in Resources */ = {isa = PBXBuildFile; fileRef = 58C66093292E7E9500FCC81D /* LoginViewController.xib */; };
		58C66096292E7F3600FCC81D /* LoginDisplayModel.swift in Sources */ = {isa = PBXBuildFile; fileRef = 58C66095292E7F3600FCC81D /* LoginDisplayModel.swift */; };
		58C66098292E7FAB00FCC81D /* LoginViewModel.swift in Sources */ = {isa = PBXBuildFile; fileRef = 58C66097292E7FAB00FCC81D /* LoginViewModel.swift */; };
		58C6609C292E88E500FCC81D /* LoginCollectionViewCell.swift in Sources */ = {isa = PBXBuildFile; fileRef = 58C6609A292E88E500FCC81D /* LoginCollectionViewCell.swift */; };
		58C6609D292E88E500FCC81D /* LoginCollectionViewCell.xib in Resources */ = {isa = PBXBuildFile; fileRef = 58C6609B292E88E500FCC81D /* LoginCollectionViewCell.xib */; };
		58C660A4292ED3AE00FCC81D /* HomePageViewController.swift in Sources */ = {isa = PBXBuildFile; fileRef = 58C660A2292ED3AE00FCC81D /* HomePageViewController.swift */; };
		58C660AC292ED47500FCC81D /* TransactionViewController.swift in Sources */ = {isa = PBXBuildFile; fileRef = 58C660AA292ED47500FCC81D /* TransactionViewController.swift */; };
		58C660AF292ED48F00FCC81D /* MorePageViewController.swift in Sources */ = {isa = PBXBuildFile; fileRef = 58C660AE292ED48F00FCC81D /* MorePageViewController.swift */; };
		58C660B1292ED4A900FCC81D /* SopportViewController.swift in Sources */ = {isa = PBXBuildFile; fileRef = 58C660B0292ED4A900FCC81D /* SopportViewController.swift */; };
		58C660B3292ED4CE00FCC81D /* SettingsViewController.swift in Sources */ = {isa = PBXBuildFile; fileRef = 58C660B2292ED4CE00FCC81D /* SettingsViewController.swift */; };
		58C660B5292EDB9A00FCC81D /* Constants.swift in Sources */ = {isa = PBXBuildFile; fileRef = 58C660B4292EDB9A00FCC81D /* Constants.swift */; };
		58F91C8F292E43DD00CD8835 /* AppDelegate.swift in Sources */ = {isa = PBXBuildFile; fileRef = 58F91C8E292E43DD00CD8835 /* AppDelegate.swift */; };
		58F91C91292E43DD00CD8835 /* SceneDelegate.swift in Sources */ = {isa = PBXBuildFile; fileRef = 58F91C90292E43DD00CD8835 /* SceneDelegate.swift */; };
		58F91C98292E43DF00CD8835 /* Assets.xcassets in Resources */ = {isa = PBXBuildFile; fileRef = 58F91C97292E43DF00CD8835 /* Assets.xcassets */; };
		58F91C9B292E43DF00CD8835 /* LaunchScreen.storyboard in Resources */ = {isa = PBXBuildFile; fileRef = 58F91C99292E43DF00CD8835 /* LaunchScreen.storyboard */; };
		58F91CA7292E44C400CD8835 /* CustomTabBar.swift in Sources */ = {isa = PBXBuildFile; fileRef = 58F91CA6292E44C400CD8835 /* CustomTabBar.swift */; };
		58F91CA9292E469100CD8835 /* ColorAssets.xcassets in Resources */ = {isa = PBXBuildFile; fileRef = 58F91CA8292E469100CD8835 /* ColorAssets.xcassets */; };
		58F91CB2292E4A5600CD8835 /* LoginViewController.swift in Sources */ = {isa = PBXBuildFile; fileRef = 58F91CB0292E4A5600CD8835 /* LoginViewController.swift */; };
/* End PBXBuildFile section */

/* Begin PBXContainerItemProxy section */
		580DFDA52930A27B004B2DBA /* PBXContainerItemProxy */ = {
			isa = PBXContainerItemProxy;
			containerPortal = 58F91C83292E43DD00CD8835 /* Project object */;
			proxyType = 1;
			remoteGlobalIDString = 58F91C8A292E43DD00CD8835;
			remoteInfo = Mintyn;
		};
		58568F632C193D2B00E0D79D /* PBXContainerItemProxy */ = {
			isa = PBXContainerItemProxy;
			containerPortal = 58568F5D2C193D2B00E0D79D /* Mintyn.xcodeproj */;
			proxyType = 2;
			remoteGlobalIDString = 58F91C8B292E43DD00CD8835;
			remoteInfo = Mintyn;
		};
		58568F652C193D2B00E0D79D /* PBXContainerItemProxy */ = {
			isa = PBXContainerItemProxy;
			containerPortal = 58568F5D2C193D2B00E0D79D /* Mintyn.xcodeproj */;
			proxyType = 2;
			remoteGlobalIDString = 580DFDA12930A27B004B2DBA;
			remoteInfo = MintynTests;
		};
/* End PBXContainerItemProxy section */

/* Begin PBXFileReference section */
		580DFD70292EEFEA004B2DBA /* HomePageViewController.xib */ = {isa = PBXFileReference; fileEncoding = 4; lastKnownFileType = file.xib; path = HomePageViewController.xib; sourceTree = "<group>"; };
		580DFD74292EF0D0004B2DBA /* HomePageCollectionViewCell.swift */ = {isa = PBXFileReference; lastKnownFileType = sourcecode.swift; path = HomePageCollectionViewCell.swift; sourceTree = "<group>"; };
		580DFD75292EF0D0004B2DBA /* HomePageCollectionViewCell.xib */ = {isa = PBXFileReference; lastKnownFileType = file.xib; path = HomePageCollectionViewCell.xib; sourceTree = "<group>"; };
		580DFD78292EF3AB004B2DBA /* HomePageProductModel.swift */ = {isa = PBXFileReference; lastKnownFileType = sourcecode.swift; path = HomePageProductModel.swift; sourceTree = "<group>"; };
		580DFD7A292EF3E1004B2DBA /* HomePageViewModel.swift */ = {isa = PBXFileReference; lastKnownFileType = sourcecode.swift; path = HomePageViewModel.swift; sourceTree = "<group>"; };
		580DFD84292EF8FF004B2DBA /* SettingsTableViewCell.swift */ = {isa = PBXFileReference; lastKnownFileType = sourcecode.swift; path = SettingsTableViewCell.swift; sourceTree = "<group>"; };
		580DFD89292F0439004B2DBA /* SettingsViewModel.swift */ = {isa = PBXFileReference; lastKnownFileType = sourcecode.swift; path = SettingsViewModel.swift; sourceTree = "<group>"; };
		580DFD8B292F04A9004B2DBA /* SettingsModel.swift */ = {isa = PBXFileReference; lastKnownFileType = sourcecode.swift; path = SettingsModel.swift; sourceTree = "<group>"; };
		580DFD8D292F83B5004B2DBA /* LegalDetailsViewController.swift */ = {isa = PBXFileReference; lastKnownFileType = sourcecode.swift; path = LegalDetailsViewController.swift; sourceTree = "<group>"; };
		580DFD8F292F8DA4004B2DBA /* SettingsLegalCell.swift */ = {isa = PBXFileReference; lastKnownFileType = sourcecode.swift; path = SettingsLegalCell.swift; sourceTree = "<group>"; };
		580DFD93292FDF61004B2DBA /* CustomLabel.swift */ = {isa = PBXFileReference; lastKnownFileType = sourcecode.swift; path = CustomLabel.swift; sourceTree = "<group>"; };
		580DFD98292FFDDC004B2DBA /* UITextfield+Extensions.swift */ = {isa = PBXFileReference; lastKnownFileType = sourcecode.swift; path = "UITextfield+Extensions.swift"; sourceTree = "<group>"; };
		580DFDA12930A27B004B2DBA /* MintynTests.xctest */ = {isa = PBXFileReference; explicitFileType = wrapper.cfbundle; includeInIndex = 0; path = MintynTests.xctest; sourceTree = BUILT_PRODUCTS_DIR; };
		580DFDA32930A27B004B2DBA /* MintynTests.swift */ = {isa = PBXFileReference; lastKnownFileType = sourcecode.swift; path = MintynTests.swift; sourceTree = "<group>"; };
		580DFDAA2930AF12004B2DBA /* CreateValidator.swift */ = {isa = PBXFileReference; lastKnownFileType = sourcecode.swift; path = CreateValidator.swift; sourceTree = "<group>"; };
		58568F202C193D2A00E0D79D /* Assertly.docc */ = {isa = PBXFileReference; lastKnownFileType = folder.documentationcatalog; path = Assertly.docc; sourceTree = "<group>"; };
		58568F212C193D2A00E0D79D /* Assertly.h */ = {isa = PBXFileReference; fileEncoding = 4; lastKnownFileType = sourcecode.c.h; path = Assertly.h; sourceTree = "<group>"; };
		58568F252C193D2A00E0D79D /* MintynTests.swift */ = {isa = PBXFileReference; fileEncoding = 4; lastKnownFileType = sourcecode.swift; path = MintynTests.swift; sourceTree = "<group>"; };
		58568F282C193D2A00E0D79D /* AppDelegate.swift */ = {isa = PBXFileReference; fileEncoding = 4; lastKnownFileType = sourcecode.swift; path = AppDelegate.swift; sourceTree = "<group>"; };
		58568F292C193D2B00E0D79D /* SceneDelegate.swift */ = {isa = PBXFileReference; fileEncoding = 4; lastKnownFileType = sourcecode.swift; path = SceneDelegate.swift; sourceTree = "<group>"; };
		58568F2A2C193D2B00E0D79D /* ColorAssets.xcassets */ = {isa = PBXFileReference; lastKnownFileType = folder.assetcatalog; path = ColorAssets.xcassets; sourceTree = "<group>"; };
		58568F2B2C193D2B00E0D79D /* Assets.xcassets */ = {isa = PBXFileReference; lastKnownFileType = folder.assetcatalog; path = Assets.xcassets; sourceTree = "<group>"; };
		58568F2D2C193D2B00E0D79D /* Base */ = {isa = PBXFileReference; lastKnownFileType = file.storyboard; name = Base; path = Base.lproj/LaunchScreen.storyboard; sourceTree = "<group>"; };
		58568F2F2C193D2B00E0D79D /* Constants.swift */ = {isa = PBXFileReference; fileEncoding = 4; lastKnownFileType = sourcecode.swift; path = Constants.swift; sourceTree = "<group>"; };
		58568F302C193D2B00E0D79D /* CreateValidator.swift */ = {isa = PBXFileReference; fileEncoding = 4; lastKnownFileType = sourcecode.swift; path = CreateValidator.swift; sourceTree = "<group>"; };
		58568F312C193D2B00E0D79D /* CustomTabBar.swift */ = {isa = PBXFileReference; fileEncoding = 4; lastKnownFileType = sourcecode.swift; path = CustomTabBar.swift; sourceTree = "<group>"; };
		58568F322C193D2B00E0D79D /* CustomLabel.swift */ = {isa = PBXFileReference; fileEncoding = 4; lastKnownFileType = sourcecode.swift; path = CustomLabel.swift; sourceTree = "<group>"; };
		58568F332C193D2B00E0D79D /* UITextfield+Extensions.swift */ = {isa = PBXFileReference; fileEncoding = 4; lastKnownFileType = sourcecode.swift; path = "UITextfield+Extensions.swift"; sourceTree = "<group>"; };
		58568F372C193D2B00E0D79D /* SettingsViewModel.swift */ = {isa = PBXFileReference; fileEncoding = 4; lastKnownFileType = sourcecode.swift; path = SettingsViewModel.swift; sourceTree = "<group>"; };
		58568F392C193D2B00E0D79D /* LegalDetailsViewController.swift */ = {isa = PBXFileReference; fileEncoding = 4; lastKnownFileType = sourcecode.swift; path = LegalDetailsViewController.swift; sourceTree = "<group>"; };
		58568F3A2C193D2B00E0D79D /* SettingsViewController.swift */ = {isa = PBXFileReference; fileEncoding = 4; lastKnownFileType = sourcecode.swift; path = SettingsViewController.swift; sourceTree = "<group>"; };
		58568F3C2C193D2B00E0D79D /* SettingsModel.swift */ = {isa = PBXFileReference; fileEncoding = 4; lastKnownFileType = sourcecode.swift; path = SettingsModel.swift; sourceTree = "<group>"; };
		58568F3E2C193D2B00E0D79D /* SettingsTableViewCell.swift */ = {isa = PBXFileReference; fileEncoding = 4; lastKnownFileType = sourcecode.swift; path = SettingsTableViewCell.swift; sourceTree = "<group>"; };
		58568F3F2C193D2B00E0D79D /* SettingsLegalCell.swift */ = {isa = PBXFileReference; fileEncoding = 4; lastKnownFileType = sourcecode.swift; path = SettingsLegalCell.swift; sourceTree = "<group>"; };
		58568F422C193D2B00E0D79D /* HomePageViewModel.swift */ = {isa = PBXFileReference; fileEncoding = 4; lastKnownFileType = sourcecode.swift; path = HomePageViewModel.swift; sourceTree = "<group>"; };
		58568F442C193D2B00E0D79D /* HomePageViewController.xib */ = {isa = PBXFileReference; fileEncoding = 4; lastKnownFileType = file.xib; path = HomePageViewController.xib; sourceTree = "<group>"; };
		58568F452C193D2B00E0D79D /* HomePageViewController.swift */ = {isa = PBXFileReference; fileEncoding = 4; lastKnownFileType = sourcecode.swift; path = HomePageViewController.swift; sourceTree = "<group>"; };
		58568F472C193D2B00E0D79D /* HomePageProductModel.swift */ = {isa = PBXFileReference; fileEncoding = 4; lastKnownFileType = sourcecode.swift; path = HomePageProductModel.swift; sourceTree = "<group>"; };
		58568F492C193D2B00E0D79D /* HomePageCollectionViewCell.swift */ = {isa = PBXFileReference; fileEncoding = 4; lastKnownFileType = sourcecode.swift; path = HomePageCollectionViewCell.swift; sourceTree = "<group>"; };
		58568F4A2C193D2B00E0D79D /* HomePageCollectionViewCell.xib */ = {isa = PBXFileReference; fileEncoding = 4; lastKnownFileType = file.xib; path = HomePageCollectionViewCell.xib; sourceTree = "<group>"; };
		58568F4D2C193D2B00E0D79D /* LoginViewModel.swift */ = {isa = PBXFileReference; fileEncoding = 4; lastKnownFileType = sourcecode.swift; path = LoginViewModel.swift; sourceTree = "<group>"; };
		58568F4F2C193D2B00E0D79D /* LoginViewController.xib */ = {isa = PBXFileReference; fileEncoding = 4; lastKnownFileType = file.xib; path = LoginViewController.xib; sourceTree = "<group>"; };
		58568F502C193D2B00E0D79D /* LoginViewController.swift */ = {isa = PBXFileReference; fileEncoding = 4; lastKnownFileType = sourcecode.swift; path = LoginViewController.swift; sourceTree = "<group>"; };
		58568F522C193D2B00E0D79D /* LoginDisplayModel.swift */ = {isa = PBXFileReference; fileEncoding = 4; lastKnownFileType = sourcecode.swift; path = LoginDisplayModel.swift; sourceTree = "<group>"; };
		58568F542C193D2B00E0D79D /* LoginCollectionViewCell.swift */ = {isa = PBXFileReference; fileEncoding = 4; lastKnownFileType = sourcecode.swift; path = LoginCollectionViewCell.swift; sourceTree = "<group>"; };
		58568F552C193D2B00E0D79D /* LoginCollectionViewCell.xib */ = {isa = PBXFileReference; fileEncoding = 4; lastKnownFileType = file.xib; path = LoginCollectionViewCell.xib; sourceTree = "<group>"; };
		58568F572C193D2B00E0D79D /* TransactionViewController.swift */ = {isa = PBXFileReference; fileEncoding = 4; lastKnownFileType = sourcecode.swift; path = TransactionViewController.swift; sourceTree = "<group>"; };
		58568F592C193D2B00E0D79D /* SopportViewController.swift */ = {isa = PBXFileReference; fileEncoding = 4; lastKnownFileType = sourcecode.swift; path = SopportViewController.swift; sourceTree = "<group>"; };
		58568F5B2C193D2B00E0D79D /* MorePageViewController.swift */ = {isa = PBXFileReference; fileEncoding = 4; lastKnownFileType = sourcecode.swift; path = MorePageViewController.swift; sourceTree = "<group>"; };
		58568F5C2C193D2B00E0D79D /* Info.plist */ = {isa = PBXFileReference; fileEncoding = 4; lastKnownFileType = text.plist.xml; path = Info.plist; sourceTree = "<group>"; };
		58568F5D2C193D2B00E0D79D /* Mintyn.xcodeproj */ = {isa = PBXFileReference; lastKnownFileType = "wrapper.pb-project"; path = Mintyn.xcodeproj; sourceTree = "<group>"; };
		58568F602C193D2B00E0D79D /* SOLUTION.md */ = {isa = PBXFileReference; fileEncoding = 4; lastKnownFileType = net.daringfireball.markdown; path = SOLUTION.md; sourceTree = "<group>"; };
		58C66093292E7E9500FCC81D /* LoginViewController.xib */ = {isa = PBXFileReference; fileEncoding = 4; lastKnownFileType = file.xib; path = LoginViewController.xib; sourceTree = "<group>"; };
		58C66095292E7F3600FCC81D /* LoginDisplayModel.swift */ = {isa = PBXFileReference; lastKnownFileType = sourcecode.swift; path = LoginDisplayModel.swift; sourceTree = "<group>"; };
		58C66097292E7FAB00FCC81D /* LoginViewModel.swift */ = {isa = PBXFileReference; lastKnownFileType = sourcecode.swift; path = LoginViewModel.swift; sourceTree = "<group>"; };
		58C6609A292E88E500FCC81D /* LoginCollectionViewCell.swift */ = {isa = PBXFileReference; lastKnownFileType = sourcecode.swift; path = LoginCollectionViewCell.swift; sourceTree = "<group>"; };
		58C6609B292E88E500FCC81D /* LoginCollectionViewCell.xib */ = {isa = PBXFileReference; lastKnownFileType = file.xib; path = LoginCollectionViewCell.xib; sourceTree = "<group>"; };
		58C660A2292ED3AE00FCC81D /* HomePageViewController.swift */ = {isa = PBXFileReference; lastKnownFileType = sourcecode.swift; path = HomePageViewController.swift; sourceTree = "<group>"; };
		58C660AA292ED47500FCC81D /* TransactionViewController.swift */ = {isa = PBXFileReference; lastKnownFileType = sourcecode.swift; path = TransactionViewController.swift; sourceTree = "<group>"; };
		58C660AE292ED48F00FCC81D /* MorePageViewController.swift */ = {isa = PBXFileReference; lastKnownFileType = sourcecode.swift; path = MorePageViewController.swift; sourceTree = "<group>"; };
		58C660B0292ED4A900FCC81D /* SopportViewController.swift */ = {isa = PBXFileReference; lastKnownFileType = sourcecode.swift; path = SopportViewController.swift; sourceTree = "<group>"; };
		58C660B2292ED4CE00FCC81D /* SettingsViewController.swift */ = {isa = PBXFileReference; lastKnownFileType = sourcecode.swift; path = SettingsViewController.swift; sourceTree = "<group>"; };
		58C660B4292EDB9A00FCC81D /* Constants.swift */ = {isa = PBXFileReference; lastKnownFileType = sourcecode.swift; path = Constants.swift; sourceTree = "<group>"; };
		58F91C8B292E43DD00CD8835 /* Mintyn.app */ = {isa = PBXFileReference; explicitFileType = wrapper.application; includeInIndex = 0; path = Mintyn.app; sourceTree = BUILT_PRODUCTS_DIR; };
		58F91C8E292E43DD00CD8835 /* AppDelegate.swift */ = {isa = PBXFileReference; lastKnownFileType = sourcecode.swift; path = AppDelegate.swift; sourceTree = "<group>"; };
		58F91C90292E43DD00CD8835 /* SceneDelegate.swift */ = {isa = PBXFileReference; lastKnownFileType = sourcecode.swift; path = SceneDelegate.swift; sourceTree = "<group>"; };
		58F91C97292E43DF00CD8835 /* Assets.xcassets */ = {isa = PBXFileReference; lastKnownFileType = folder.assetcatalog; path = Assets.xcassets; sourceTree = "<group>"; };
		58F91C9A292E43DF00CD8835 /* Base */ = {isa = PBXFileReference; lastKnownFileType = file.storyboard; name = Base; path = Base.lproj/LaunchScreen.storyboard; sourceTree = "<group>"; };
		58F91C9C292E43DF00CD8835 /* Info.plist */ = {isa = PBXFileReference; lastKnownFileType = text.plist.xml; path = Info.plist; sourceTree = "<group>"; };
		58F91CA6292E44C400CD8835 /* CustomTabBar.swift */ = {isa = PBXFileReference; lastKnownFileType = sourcecode.swift; path = CustomTabBar.swift; sourceTree = "<group>"; };
		58F91CA8292E469100CD8835 /* ColorAssets.xcassets */ = {isa = PBXFileReference; lastKnownFileType = folder.assetcatalog; path = ColorAssets.xcassets; sourceTree = "<group>"; };
		58F91CB0292E4A5600CD8835 /* LoginViewController.swift */ = {isa = PBXFileReference; lastKnownFileType = sourcecode.swift; path = LoginViewController.swift; sourceTree = "<group>"; };
/* End PBXFileReference section */

/* Begin PBXFrameworksBuildPhase section */
		580DFD9E2930A27B004B2DBA /* Frameworks */ = {
			isa = PBXFrameworksBuildPhase;
			buildActionMask = 2147483647;
			files = (
			);
			runOnlyForDeploymentPostprocessing = 0;
		};
		58F91C88292E43DD00CD8835 /* Frameworks */ = {
			isa = PBXFrameworksBuildPhase;
			buildActionMask = 2147483647;
			files = (
				580DFD88292EFA94004B2DBA /* SnapKit in Frameworks */,
				580DFD97292FF3D9004B2DBA /* IQKeyboardManagerSwift in Frameworks */,
			);
			runOnlyForDeploymentPostprocessing = 0;
		};
/* End PBXFrameworksBuildPhase section */

/* Begin PBXGroup section */
		580DFD72292EF004004B2DBA /* Model */ = {
			isa = PBXGroup;
			children = (
				580DFD78292EF3AB004B2DBA /* HomePageProductModel.swift */,
			);
			path = Model;
			sourceTree = "<group>";
		};
		580DFD73292EF00B004B2DBA /* ViewModel */ = {
			isa = PBXGroup;
			children = (
				580DFD7A292EF3E1004B2DBA /* HomePageViewModel.swift */,
			);
			path = ViewModel;
			sourceTree = "<group>";
		};
		580DFD7C292EF84C004B2DBA /* View */ = {
			isa = PBXGroup;
			children = (
				580DFD84292EF8FF004B2DBA /* SettingsTableViewCell.swift */,
				580DFD8F292F8DA4004B2DBA /* SettingsLegalCell.swift */,
			);
			path = View;
			sourceTree = "<group>";
		};
		580DFD7D292EF851004B2DBA /* Controller */ = {
			isa = PBXGroup;
			children = (
				58C660B2292ED4CE00FCC81D /* SettingsViewController.swift */,
				580DFD8D292F83B5004B2DBA /* LegalDetailsViewController.swift */,
			);
			path = Controller;
			sourceTree = "<group>";
		};
		580DFD7E292EF858004B2DBA /* ViewModel */ = {
			isa = PBXGroup;
			children = (
				580DFD89292F0439004B2DBA /* SettingsViewModel.swift */,
			);
			path = ViewModel;
			sourceTree = "<group>";
		};
		580DFD7F292EF864004B2DBA /* Model */ = {
			isa = PBXGroup;
			children = (
				580DFD8B292F04A9004B2DBA /* SettingsModel.swift */,
			);
			path = Model;
			sourceTree = "<group>";
		};
		580DFDA22930A27B004B2DBA /* MintynTests */ = {
			isa = PBXGroup;
			children = (
				580DFDA32930A27B004B2DBA /* MintynTests.swift */,
			);
			path = MintynTests;
			sourceTree = "<group>";
		};
		58568F1F2C193D2A00E0D79D /* Assertly */ = {
			isa = PBXGroup;
			children = (
				58568F202C193D2A00E0D79D /* Assertly.docc */,
				58568F212C193D2A00E0D79D /* Assertly.h */,
				58568F222C193D2A00E0D79D /* Assertly */,
			);
			path = Assertly;
			sourceTree = "<group>";
		};
		58568F222C193D2A00E0D79D /* Assertly */ = {
			isa = PBXGroup;
			children = (
				58568F232C193D2A00E0D79D /* Mintyn */,
				58568F602C193D2B00E0D79D /* SOLUTION.md */,
			);
			path = Assertly;
			sourceTree = "<group>";
		};
		58568F232C193D2A00E0D79D /* Mintyn */ = {
			isa = PBXGroup;
			children = (
				58568F242C193D2A00E0D79D /* MintynTests */,
				58568F262C193D2A00E0D79D /* Mintyn */,
				58568F5D2C193D2B00E0D79D /* Mintyn.xcodeproj */,
			);
			path = Mintyn;
			sourceTree = "<group>";
		};
		58568F242C193D2A00E0D79D /* MintynTests */ = {
			isa = PBXGroup;
			children = (
				58568F252C193D2A00E0D79D /* MintynTests.swift */,
			);
			path = MintynTests;
			sourceTree = "<group>";
		};
		58568F262C193D2A00E0D79D /* Mintyn */ = {
			isa = PBXGroup;
			children = (
				58568F272C193D2A00E0D79D /* App */,
				58568F2A2C193D2B00E0D79D /* ColorAssets.xcassets */,
				58568F2B2C193D2B00E0D79D /* Assets.xcassets */,
				58568F2C2C193D2B00E0D79D /* LaunchScreen.storyboard */,
				58568F2E2C193D2B00E0D79D /* Utilities */,
				58568F342C193D2B00E0D79D /* View */,
				58568F5C2C193D2B00E0D79D /* Info.plist */,
			);
			path = Mintyn;
			sourceTree = "<group>";
		};
		58568F272C193D2A00E0D79D /* App */ = {
			isa = PBXGroup;
			children = (
				58568F282C193D2A00E0D79D /* AppDelegate.swift */,
				58568F292C193D2B00E0D79D /* SceneDelegate.swift */,
			);
			path = App;
			sourceTree = "<group>";
		};
		58568F2E2C193D2B00E0D79D /* Utilities */ = {
			isa = PBXGroup;
			children = (
				58568F2F2C193D2B00E0D79D /* Constants.swift */,
				58568F302C193D2B00E0D79D /* CreateValidator.swift */,
				58568F312C193D2B00E0D79D /* CustomTabBar.swift */,
				58568F322C193D2B00E0D79D /* CustomLabel.swift */,
				58568F332C193D2B00E0D79D /* UITextfield+Extensions.swift */,
			);
			path = Utilities;
			sourceTree = "<group>";
		};
		58568F342C193D2B00E0D79D /* View */ = {
			isa = PBXGroup;
			children = (
				58568F352C193D2B00E0D79D /* Settings */,
				58568F402C193D2B00E0D79D /* HomePage */,
				58568F4B2C193D2B00E0D79D /* LoginPage */,
				58568F562C193D2B00E0D79D /* TransactionPage */,
				58568F582C193D2B00E0D79D /* SupportPage */,
				58568F5A2C193D2B00E0D79D /* MorePage */,
			);
			path = View;
			sourceTree = "<group>";
		};
		58568F352C193D2B00E0D79D /* Settings */ = {
			isa = PBXGroup;
			children = (
				58568F362C193D2B00E0D79D /* ViewModel */,
				58568F382C193D2B00E0D79D /* Controller */,
				58568F3B2C193D2B00E0D79D /* Model */,
				58568F3D2C193D2B00E0D79D /* View */,
			);
			path = Settings;
			sourceTree = "<group>";
		};
		58568F362C193D2B00E0D79D /* ViewModel */ = {
			isa = PBXGroup;
			children = (
				58568F372C193D2B00E0D79D /* SettingsViewModel.swift */,
			);
			path = ViewModel;
			sourceTree = "<group>";
		};
		58568F382C193D2B00E0D79D /* Controller */ = {
			isa = PBXGroup;
			children = (
				58568F392C193D2B00E0D79D /* LegalDetailsViewController.swift */,
				58568F3A2C193D2B00E0D79D /* SettingsViewController.swift */,
			);
			path = Controller;
			sourceTree = "<group>";
		};
		58568F3B2C193D2B00E0D79D /* Model */ = {
			isa = PBXGroup;
			children = (
				58568F3C2C193D2B00E0D79D /* SettingsModel.swift */,
			);
			path = Model;
			sourceTree = "<group>";
		};
		58568F3D2C193D2B00E0D79D /* View */ = {
			isa = PBXGroup;
			children = (
				58568F3E2C193D2B00E0D79D /* SettingsTableViewCell.swift */,
				58568F3F2C193D2B00E0D79D /* SettingsLegalCell.swift */,
			);
			path = View;
			sourceTree = "<group>";
		};
		58568F402C193D2B00E0D79D /* HomePage */ = {
			isa = PBXGroup;
			children = (
				58568F412C193D2B00E0D79D /* ViewModel */,
				58568F432C193D2B00E0D79D /* Controller */,
				58568F462C193D2B00E0D79D /* Model */,
				58568F482C193D2B00E0D79D /* View */,
			);
			path = HomePage;
			sourceTree = "<group>";
		};
		58568F412C193D2B00E0D79D /* ViewModel */ = {
			isa = PBXGroup;
			children = (
				58568F422C193D2B00E0D79D /* HomePageViewModel.swift */,
			);
			path = ViewModel;
			sourceTree = "<group>";
		};
		58568F432C193D2B00E0D79D /* Controller */ = {
			isa = PBXGroup;
			children = (
				58568F442C193D2B00E0D79D /* HomePageViewController.xib */,
				58568F452C193D2B00E0D79D /* HomePageViewController.swift */,
			);
			path = Controller;
			sourceTree = "<group>";
		};
		58568F462C193D2B00E0D79D /* Model */ = {
			isa = PBXGroup;
			children = (
				58568F472C193D2B00E0D79D /* HomePageProductModel.swift */,
			);
			path = Model;
			sourceTree = "<group>";
		};
		58568F482C193D2B00E0D79D /* View */ = {
			isa = PBXGroup;
			children = (
				58568F492C193D2B00E0D79D /* HomePageCollectionViewCell.swift */,
				58568F4A2C193D2B00E0D79D /* HomePageCollectionViewCell.xib */,
			);
			path = View;
			sourceTree = "<group>";
		};
		58568F4B2C193D2B00E0D79D /* LoginPage */ = {
			isa = PBXGroup;
			children = (
				58568F4C2C193D2B00E0D79D /* ViewModel */,
				58568F4E2C193D2B00E0D79D /* Controller */,
				58568F512C193D2B00E0D79D /* Model */,
				58568F532C193D2B00E0D79D /* View */,
			);
			path = LoginPage;
			sourceTree = "<group>";
		};
		58568F4C2C193D2B00E0D79D /* ViewModel */ = {
			isa = PBXGroup;
			children = (
				58568F4D2C193D2B00E0D79D /* LoginViewModel.swift */,
			);
			path = ViewModel;
			sourceTree = "<group>";
		};
		58568F4E2C193D2B00E0D79D /* Controller */ = {
			isa = PBXGroup;
			children = (
				58568F4F2C193D2B00E0D79D /* LoginViewController.xib */,
				58568F502C193D2B00E0D79D /* LoginViewController.swift */,
			);
			path = Controller;
			sourceTree = "<group>";
		};
		58568F512C193D2B00E0D79D /* Model */ = {
			isa = PBXGroup;
			children = (
				58568F522C193D2B00E0D79D /* LoginDisplayModel.swift */,
			);
			path = Model;
			sourceTree = "<group>";
		};
		58568F532C193D2B00E0D79D /* View */ = {
			isa = PBXGroup;
			children = (
				58568F542C193D2B00E0D79D /* LoginCollectionViewCell.swift */,
				58568F552C193D2B00E0D79D /* LoginCollectionViewCell.xib */,
			);
			path = View;
			sourceTree = "<group>";
		};
		58568F562C193D2B00E0D79D /* TransactionPage */ = {
			isa = PBXGroup;
			children = (
				58568F572C193D2B00E0D79D /* TransactionViewController.swift */,
			);
			path = TransactionPage;
			sourceTree = "<group>";
		};
		58568F582C193D2B00E0D79D /* SupportPage */ = {
			isa = PBXGroup;
			children = (
				58568F592C193D2B00E0D79D /* SopportViewController.swift */,
			);
			path = SupportPage;
			sourceTree = "<group>";
		};
		58568F5A2C193D2B00E0D79D /* MorePage */ = {
			isa = PBXGroup;
			children = (
				58568F5B2C193D2B00E0D79D /* MorePageViewController.swift */,
			);
			path = MorePage;
			sourceTree = "<group>";
		};
		58568F5E2C193D2B00E0D79D /* Products */ = {
			isa = PBXGroup;
			children = (
				58568F642C193D2B00E0D79D /* Mintyn.app */,
				58568F662C193D2B00E0D79D /* MintynTests.xctest */,
			);
			name = Products;
			sourceTree = "<group>";
		};
		5869CC52292EEF8F00F3DA07 /* Controller */ = {
			isa = PBXGroup;
			children = (
				58C660A2292ED3AE00FCC81D /* HomePageViewController.swift */,
				580DFD70292EEFEA004B2DBA /* HomePageViewController.xib */,
			);
			path = Controller;
			sourceTree = "<group>";
		};
		5869CC53292EEF9B00F3DA07 /* View */ = {
			isa = PBXGroup;
			children = (
				580DFD74292EF0D0004B2DBA /* HomePageCollectionViewCell.swift */,
				580DFD75292EF0D0004B2DBA /* HomePageCollectionViewCell.xib */,
			);
			path = View;
			sourceTree = "<group>";
		};
		58C66099292E886D00FCC81D /* View */ = {
			isa = PBXGroup;
			children = (
				58C6609A292E88E500FCC81D /* LoginCollectionViewCell.swift */,
				58C6609B292E88E500FCC81D /* LoginCollectionViewCell.xib */,
			);
			path = View;
			sourceTree = "<group>";
		};
		58C6609E292E930600FCC81D /* Controller */ = {
			isa = PBXGroup;
			children = (
				58F91CB0292E4A5600CD8835 /* LoginViewController.swift */,
				58C66093292E7E9500FCC81D /* LoginViewController.xib */,
			);
			path = Controller;
			sourceTree = "<group>";
		};
		58C6609F292E931C00FCC81D /* Model */ = {
			isa = PBXGroup;
			children = (
				58C66095292E7F3600FCC81D /* LoginDisplayModel.swift */,
			);
			path = Model;
			sourceTree = "<group>";
		};
		58C660A0292E932800FCC81D /* ViewModel */ = {
			isa = PBXGroup;
			children = (
				58C66097292E7FAB00FCC81D /* LoginViewModel.swift */,
			);
			path = ViewModel;
			sourceTree = "<group>";
		};
		58C660A1292ED37800FCC81D /* HomePage */ = {
			isa = PBXGroup;
			children = (
				580DFD73292EF00B004B2DBA /* ViewModel */,
				580DFD72292EF004004B2DBA /* Model */,
				5869CC53292EEF9B00F3DA07 /* View */,
				5869CC52292EEF8F00F3DA07 /* Controller */,
			);
			path = HomePage;
			sourceTree = "<group>";
		};
		58C660A6292ED3B500FCC81D /* TransactionPage */ = {
			isa = PBXGroup;
			children = (
				58C660AA292ED47500FCC81D /* TransactionViewController.swift */,
			);
			path = TransactionPage;
			sourceTree = "<group>";
		};
		58C660A7292ED3CB00FCC81D /* MorePage */ = {
			isa = PBXGroup;
			children = (
				58C660AE292ED48F00FCC81D /* MorePageViewController.swift */,
			);
			path = MorePage;
			sourceTree = "<group>";
		};
		58C660A8292ED3EA00FCC81D /* SupportPage */ = {
			isa = PBXGroup;
			children = (
				58C660B0292ED4A900FCC81D /* SopportViewController.swift */,
			);
			path = SupportPage;
			sourceTree = "<group>";
		};
		58C660A9292ED3FF00FCC81D /* Settings */ = {
			isa = PBXGroup;
			children = (
				580DFD7F292EF864004B2DBA /* Model */,
				580DFD7E292EF858004B2DBA /* ViewModel */,
				580DFD7D292EF851004B2DBA /* Controller */,
				580DFD7C292EF84C004B2DBA /* View */,
			);
			path = Settings;
			sourceTree = "<group>";
		};
		58F91C82292E43DD00CD8835 = {
			isa = PBXGroup;
			children = (
				58F91C8D292E43DD00CD8835 /* Mintyn */,
				580DFDA22930A27B004B2DBA /* MintynTests */,
				58568F1F2C193D2A00E0D79D /* Assertly */,
				58F91C8C292E43DD00CD8835 /* Products */,
			);
			sourceTree = "<group>";
		};
		58F91C8C292E43DD00CD8835 /* Products */ = {
			isa = PBXGroup;
			children = (
				58F91C8B292E43DD00CD8835 /* Mintyn.app */,
				580DFDA12930A27B004B2DBA /* MintynTests.xctest */,
			);
			name = Products;
			sourceTree = "<group>";
		};
		58F91C8D292E43DD00CD8835 /* Mintyn */ = {
			isa = PBXGroup;
			children = (
				58F91CA4292E443A00CD8835 /* App */,
				58F91CA5292E444700CD8835 /* Utilities */,
				58F91CA2292E442300CD8835 /* View */,
				58F91C97292E43DF00CD8835 /* Assets.xcassets */,
				58F91CA8292E469100CD8835 /* ColorAssets.xcassets */,
				58F91C99292E43DF00CD8835 /* LaunchScreen.storyboard */,
				58F91C9C292E43DF00CD8835 /* Info.plist */,
			);
			path = Mintyn;
			sourceTree = "<group>";
		};
		58F91CA2292E442300CD8835 /* View */ = {
			isa = PBXGroup;
			children = (
				58F91CB5292E7E6900CD8835 /* LoginPage */,
				58C660A1292ED37800FCC81D /* HomePage */,
				58C660A6292ED3B500FCC81D /* TransactionPage */,
				58C660A7292ED3CB00FCC81D /* MorePage */,
				58C660A8292ED3EA00FCC81D /* SupportPage */,
				58C660A9292ED3FF00FCC81D /* Settings */,
			);
			path = View;
			sourceTree = "<group>";
		};
		58F91CA4292E443A00CD8835 /* App */ = {
			isa = PBXGroup;
			children = (
				58F91C90292E43DD00CD8835 /* SceneDelegate.swift */,
				58F91C8E292E43DD00CD8835 /* AppDelegate.swift */,
			);
			path = App;
			sourceTree = "<group>";
		};
		58F91CA5292E444700CD8835 /* Utilities */ = {
			isa = PBXGroup;
			children = (
				580DFDAA2930AF12004B2DBA /* CreateValidator.swift */,
				58F91CA6292E44C400CD8835 /* CustomTabBar.swift */,
				58C660B4292EDB9A00FCC81D /* Constants.swift */,
				580DFD93292FDF61004B2DBA /* CustomLabel.swift */,
				580DFD98292FFDDC004B2DBA /* UITextfield+Extensions.swift */,
			);
			path = Utilities;
			sourceTree = "<group>";
		};
		58F91CB5292E7E6900CD8835 /* LoginPage */ = {
			isa = PBXGroup;
			children = (
				58C660A0292E932800FCC81D /* ViewModel */,
				58C6609F292E931C00FCC81D /* Model */,
				58C6609E292E930600FCC81D /* Controller */,
				58C66099292E886D00FCC81D /* View */,
			);
			path = LoginPage;
			sourceTree = "<group>";
		};
/* End PBXGroup section */

/* Begin PBXNativeTarget section */
		580DFDA02930A27B004B2DBA /* MintynTests */ = {
			isa = PBXNativeTarget;
			buildConfigurationList = 580DFDA72930A27B004B2DBA /* Build configuration list for PBXNativeTarget "MintynTests" */;
			buildPhases = (
				580DFD9D2930A27B004B2DBA /* Sources */,
				580DFD9E2930A27B004B2DBA /* Frameworks */,
				580DFD9F2930A27B004B2DBA /* Resources */,
			);
			buildRules = (
			);
			dependencies = (
				580DFDA62930A27B004B2DBA /* PBXTargetDependency */,
			);
			name = MintynTests;
			productName = MintynTests;
			productReference = 580DFDA12930A27B004B2DBA /* MintynTests.xctest */;
			productType = "com.apple.product-type.bundle.unit-test";
		};
		58F91C8A292E43DD00CD8835 /* Mintyn */ = {
			isa = PBXNativeTarget;
			buildConfigurationList = 58F91C9F292E43DF00CD8835 /* Build configuration list for PBXNativeTarget "Mintyn" */;
			buildPhases = (
				58F91C87292E43DD00CD8835 /* Sources */,
				58F91C88292E43DD00CD8835 /* Frameworks */,
				58F91C89292E43DD00CD8835 /* Resources */,
			);
			buildRules = (
			);
			dependencies = (
			);
			name = Mintyn;
			packageProductDependencies = (
				580DFD87292EFA94004B2DBA /* SnapKit */,
				580DFD96292FF3D9004B2DBA /* IQKeyboardManagerSwift */,
			);
			productName = Mintyn;
			productReference = 58F91C8B292E43DD00CD8835 /* Mintyn.app */;
			productType = "com.apple.product-type.application";
		};
/* End PBXNativeTarget section */

/* Begin PBXProject section */
		58F91C83292E43DD00CD8835 /* Project object */ = {
			isa = PBXProject;
			attributes = {
				BuildIndependentTargetsInParallel = 1;
				LastSwiftUpdateCheck = 1400;
				LastUpgradeCheck = 1400;
				TargetAttributes = {
					580DFDA02930A27B004B2DBA = {
						CreatedOnToolsVersion = 14.0.1;
						TestTargetID = 58F91C8A292E43DD00CD8835;
					};
					58F91C8A292E43DD00CD8835 = {
						CreatedOnToolsVersion = 14.0.1;
					};
				};
			};
			buildConfigurationList = 58F91C86292E43DD00CD8835 /* Build configuration list for PBXProject "Mintyn" */;
			compatibilityVersion = "Xcode 14.0";
			developmentRegion = en;
			hasScannedForEncodings = 0;
			knownRegions = (
				en,
				Base,
			);
			mainGroup = 58F91C82292E43DD00CD8835;
			packageReferences = (
				580DFD86292EFA94004B2DBA /* XCRemoteSwiftPackageReference "SnapKit" */,
				580DFD95292FF3D9004B2DBA /* XCRemoteSwiftPackageReference "IQKeyboardManager" */,
			);
			productRefGroup = 58F91C8C292E43DD00CD8835 /* Products */;
			projectDirPath = "";
			projectReferences = (
				{
					ProductGroup = 58568F5E2C193D2B00E0D79D /* Products */;
					ProjectRef = 58568F5D2C193D2B00E0D79D /* Mintyn.xcodeproj */;
				},
			);
			projectRoot = "";
			targets = (
				58F91C8A292E43DD00CD8835 /* Mintyn */,
				580DFDA02930A27B004B2DBA /* MintynTests */,
			);
		};
/* End PBXProject section */

/* Begin PBXReferenceProxy section */
		58568F642C193D2B00E0D79D /* Mintyn.app */ = {
			isa = PBXReferenceProxy;
			fileType = wrapper.application;
			path = Mintyn.app;
			remoteRef = 58568F632C193D2B00E0D79D /* PBXContainerItemProxy */;
			sourceTree = BUILT_PRODUCTS_DIR;
		};
		58568F662C193D2B00E0D79D /* MintynTests.xctest */ = {
			isa = PBXReferenceProxy;
			fileType = wrapper.cfbundle;
			path = MintynTests.xctest;
			remoteRef = 58568F652C193D2B00E0D79D /* PBXContainerItemProxy */;
			sourceTree = BUILT_PRODUCTS_DIR;
		};
/* End PBXReferenceProxy section */

/* Begin PBXResourcesBuildPhase section */
		580DFD9F2930A27B004B2DBA /* Resources */ = {
			isa = PBXResourcesBuildPhase;
			buildActionMask = 2147483647;
			files = (
			);
			runOnlyForDeploymentPostprocessing = 0;
		};
		58F91C89292E43DD00CD8835 /* Resources */ = {
			isa = PBXResourcesBuildPhase;
			buildActionMask = 2147483647;
			files = (
				58568F7E2C193D2B00E0D79D /* HomePageCollectionViewCell.xib in Resources */,
				580DFD71292EEFEA004B2DBA /* HomePageViewController.xib in Resources */,
				58568F842C193D2B00E0D79D /* LoginCollectionViewCell.xib in Resources */,
				58F91C9B292E43DF00CD8835 /* LaunchScreen.storyboard in Resources */,
				58568F6B2C193D2B00E0D79D /* ColorAssets.xcassets in Resources */,
				58568F6D2C193D2B00E0D79D /* LaunchScreen.storyboard in Resources */,
				58C66094292E7E9500FCC81D /* LoginViewController.xib in Resources */,
				58568F892C193D2B00E0D79D /* SOLUTION.md in Resources */,
				58C6609D292E88E500FCC81D /* LoginCollectionViewCell.xib in Resources */,
				58568F882C193D2B00E0D79D /* Info.plist in Resources */,
				580DFD77292EF0D0004B2DBA /* HomePageCollectionViewCell.xib in Resources */,
				58F91C98292E43DF00CD8835 /* Assets.xcassets in Resources */,
				58568F802C193D2B00E0D79D /* LoginViewController.xib in Resources */,
				58568F6C2C193D2B00E0D79D /* Assets.xcassets in Resources */,
				58568F7A2C193D2B00E0D79D /* HomePageViewController.xib in Resources */,
				58F91CA9292E469100CD8835 /* ColorAssets.xcassets in Resources */,
			);
			runOnlyForDeploymentPostprocessing = 0;
		};
/* End PBXResourcesBuildPhase section */

/* Begin PBXSourcesBuildPhase section */
		580DFD9D2930A27B004B2DBA /* Sources */ = {
			isa = PBXSourcesBuildPhase;
			buildActionMask = 2147483647;
			files = (
				580DFDA42930A27B004B2DBA /* MintynTests.swift in Sources */,
			);
			runOnlyForDeploymentPostprocessing = 0;
		};
		58F91C87292E43DD00CD8835 /* Sources */ = {
			isa = PBXSourcesBuildPhase;
			buildActionMask = 2147483647;
			files = (
				58568F7D2C193D2B00E0D79D /* HomePageCollectionViewCell.swift in Sources */,
				580DFD8E292F83B5004B2DBA /* LegalDetailsViewController.swift in Sources */,
				58C6609C292E88E500FCC81D /* LoginCollectionViewCell.swift in Sources */,
				580DFD8C292F04A9004B2DBA /* SettingsModel.swift in Sources */,
				58568F822C193D2B00E0D79D /* LoginDisplayModel.swift in Sources */,
				58C66096292E7F3600FCC81D /* LoginDisplayModel.swift in Sources */,
				58568F792C193D2B00E0D79D /* HomePageViewModel.swift in Sources */,
				58568F722C193D2B00E0D79D /* UITextfield+Extensions.swift in Sources */,
				580DFD90292F8DA4004B2DBA /* SettingsLegalCell.swift in Sources */,
				58568F6E2C193D2B00E0D79D /* Constants.swift in Sources */,
				58568F672C193D2B00E0D79D /* Assertly.docc in Sources */,
				58568F712C193D2B00E0D79D /* CustomLabel.swift in Sources */,
				58568F762C193D2B00E0D79D /* SettingsModel.swift in Sources */,
				580DFD76292EF0D0004B2DBA /* HomePageCollectionViewCell.swift in Sources */,
				58C660A4292ED3AE00FCC81D /* HomePageViewController.swift in Sources */,
				580DFD7B292EF3E1004B2DBA /* HomePageViewModel.swift in Sources */,
				58F91CA7292E44C400CD8835 /* CustomTabBar.swift in Sources */,
				58C660B1292ED4A900FCC81D /* SopportViewController.swift in Sources */,
				580DFDAC2930B9C8004B2DBA /* CreateValidator.swift in Sources */,
				58568F812C193D2B00E0D79D /* LoginViewController.swift in Sources */,
				58C660AC292ED47500FCC81D /* TransactionViewController.swift in Sources */,
				58F91C8F292E43DD00CD8835 /* AppDelegate.swift in Sources */,
				58568F872C193D2B00E0D79D /* MorePageViewController.swift in Sources */,
				58C660B5292EDB9A00FCC81D /* Constants.swift in Sources */,
				58568F862C193D2B00E0D79D /* SopportViewController.swift in Sources */,
				58568F6A2C193D2B00E0D79D /* SceneDelegate.swift in Sources */,
				58568F7B2C193D2B00E0D79D /* HomePageViewController.swift in Sources */,
				580DFD94292FDF61004B2DBA /* CustomLabel.swift in Sources */,
				58568F7F2C193D2B00E0D79D /* LoginViewModel.swift in Sources */,
				58F91CB2292E4A5600CD8835 /* LoginViewController.swift in Sources */,
				580DFD85292EF8FF004B2DBA /* SettingsTableViewCell.swift in Sources */,
				58568F742C193D2B00E0D79D /* LegalDetailsViewController.swift in Sources */,
				58568F772C193D2B00E0D79D /* SettingsTableViewCell.swift in Sources */,
				58568F852C193D2B00E0D79D /* TransactionViewController.swift in Sources */,
				58F91C91292E43DD00CD8835 /* SceneDelegate.swift in Sources */,
				580DFD99292FFDDC004B2DBA /* UITextfield+Extensions.swift in Sources */,
				58568F7C2C193D2B00E0D79D /* HomePageProductModel.swift in Sources */,
				58568F6F2C193D2B00E0D79D /* CreateValidator.swift in Sources */,
				58568F732C193D2B00E0D79D /* SettingsViewModel.swift in Sources */,
				580DFD79292EF3AB004B2DBA /* HomePageProductModel.swift in Sources */,
				58568F692C193D2B00E0D79D /* AppDelegate.swift in Sources */,
				58568F782C193D2B00E0D79D /* SettingsLegalCell.swift in Sources */,
				58C660B3292ED4CE00FCC81D /* SettingsViewController.swift in Sources */,
				58568F832C193D2B00E0D79D /* LoginCollectionViewCell.swift in Sources */,
				58568F682C193D2B00E0D79D /* MintynTests.swift in Sources */,
				58C66098292E7FAB00FCC81D /* LoginViewModel.swift in Sources */,
				58C660AF292ED48F00FCC81D /* MorePageViewController.swift in Sources */,
				58568F702C193D2B00E0D79D /* CustomTabBar.swift in Sources */,
				580DFD8A292F0439004B2DBA /* SettingsViewModel.swift in Sources */,
				58568F752C193D2B00E0D79D /* SettingsViewController.swift in Sources */,
			);
			runOnlyForDeploymentPostprocessing = 0;
		};
/* End PBXSourcesBuildPhase section */

/* Begin PBXTargetDependency section */
		580DFDA62930A27B004B2DBA /* PBXTargetDependency */ = {
			isa = PBXTargetDependency;
			target = 58F91C8A292E43DD00CD8835 /* Mintyn */;
			targetProxy = 580DFDA52930A27B004B2DBA /* PBXContainerItemProxy */;
		};
/* End PBXTargetDependency section */

/* Begin PBXVariantGroup section */
		58568F2C2C193D2B00E0D79D /* LaunchScreen.storyboard */ = {
			isa = PBXVariantGroup;
			children = (
				58568F2D2C193D2B00E0D79D /* Base */,
			);
			name = LaunchScreen.storyboard;
			sourceTree = "<group>";
		};
		58F91C99292E43DF00CD8835 /* LaunchScreen.storyboard */ = {
			isa = PBXVariantGroup;
			children = (
				58F91C9A292E43DF00CD8835 /* Base */,
			);
			name = LaunchScreen.storyboard;
			sourceTree = "<group>";
		};
/* End PBXVariantGroup section */

/* Begin XCBuildConfiguration section */
		580DFDA82930A27B004B2DBA /* Debug */ = {
			isa = XCBuildConfiguration;
			buildSettings = {
				BUNDLE_LOADER = "$(TEST_HOST)";
				CODE_SIGN_STYLE = Automatic;
				CURRENT_PROJECT_VERSION = 1;
				DEVELOPMENT_TEAM = JLHRL3S43P;
				GENERATE_INFOPLIST_FILE = YES;
				IPHONEOS_DEPLOYMENT_TARGET = 16.0;
				MARKETING_VERSION = 1.0;
				PRODUCT_BUNDLE_IDENTIFIER = Items.MintynTests;
				PRODUCT_NAME = "$(TARGET_NAME)";
				SWIFT_EMIT_LOC_STRINGS = NO;
				SWIFT_VERSION = 5.0;
				TARGETED_DEVICE_FAMILY = "1,2";
				TEST_HOST = "$(BUILT_PRODUCTS_DIR)/Mintyn.app/$(BUNDLE_EXECUTABLE_FOLDER_PATH)/Mintyn";
			};
			name = Debug;
		};
		580DFDA92930A27B004B2DBA /* Release */ = {
			isa = XCBuildConfiguration;
			buildSettings = {
				BUNDLE_LOADER = "$(TEST_HOST)";
				CODE_SIGN_STYLE = Automatic;
				CURRENT_PROJECT_VERSION = 1;
				DEVELOPMENT_TEAM = JLHRL3S43P;
				GENERATE_INFOPLIST_FILE = YES;
				IPHONEOS_DEPLOYMENT_TARGET = 16.0;
				MARKETING_VERSION = 1.0;
				PRODUCT_BUNDLE_IDENTIFIER = Items.MintynTests;
				PRODUCT_NAME = "$(TARGET_NAME)";
				SWIFT_EMIT_LOC_STRINGS = NO;
				SWIFT_VERSION = 5.0;
				TARGETED_DEVICE_FAMILY = "1,2";
				TEST_HOST = "$(BUILT_PRODUCTS_DIR)/Mintyn.app/$(BUNDLE_EXECUTABLE_FOLDER_PATH)/Mintyn";
			};
			name = Release;
		};
		58F91C9D292E43DF00CD8835 /* Debug */ = {
			isa = XCBuildConfiguration;
			buildSettings = {
				ALWAYS_SEARCH_USER_PATHS = NO;
				CLANG_ANALYZER_NONNULL = YES;
				CLANG_ANALYZER_NUMBER_OBJECT_CONVERSION = YES_AGGRESSIVE;
				CLANG_CXX_LANGUAGE_STANDARD = "gnu++20";
				CLANG_ENABLE_MODULES = YES;
				CLANG_ENABLE_OBJC_ARC = YES;
				CLANG_ENABLE_OBJC_WEAK = YES;
				CLANG_WARN_BLOCK_CAPTURE_AUTORELEASING = YES;
				CLANG_WARN_BOOL_CONVERSION = YES;
				CLANG_WARN_COMMA = YES;
				CLANG_WARN_CONSTANT_CONVERSION = YES;
				CLANG_WARN_DEPRECATED_OBJC_IMPLEMENTATIONS = YES;
				CLANG_WARN_DIRECT_OBJC_ISA_USAGE = YES_ERROR;
				CLANG_WARN_DOCUMENTATION_COMMENTS = YES;
				CLANG_WARN_EMPTY_BODY = YES;
				CLANG_WARN_ENUM_CONVERSION = YES;
				CLANG_WARN_INFINITE_RECURSION = YES;
				CLANG_WARN_INT_CONVERSION = YES;
				CLANG_WARN_NON_LITERAL_NULL_CONVERSION = YES;
				CLANG_WARN_OBJC_IMPLICIT_RETAIN_SELF = YES;
				CLANG_WARN_OBJC_LITERAL_CONVERSION = YES;
				CLANG_WARN_OBJC_ROOT_CLASS = YES_ERROR;
				CLANG_WARN_QUOTED_INCLUDE_IN_FRAMEWORK_HEADER = YES;
				CLANG_WARN_RANGE_LOOP_ANALYSIS = YES;
				CLANG_WARN_STRICT_PROTOTYPES = YES;
				CLANG_WARN_SUSPICIOUS_MOVE = YES;
				CLANG_WARN_UNGUARDED_AVAILABILITY = YES_AGGRESSIVE;
				CLANG_WARN_UNREACHABLE_CODE = YES;
				CLANG_WARN__DUPLICATE_METHOD_MATCH = YES;
				COPY_PHASE_STRIP = NO;
				DEBUG_INFORMATION_FORMAT = dwarf;
				ENABLE_STRICT_OBJC_MSGSEND = YES;
				ENABLE_TESTABILITY = YES;
				GCC_C_LANGUAGE_STANDARD = gnu11;
				GCC_DYNAMIC_NO_PIC = NO;
				GCC_NO_COMMON_BLOCKS = YES;
				GCC_OPTIMIZATION_LEVEL = 0;
				GCC_PREPROCESSOR_DEFINITIONS = (
					"DEBUG=1",
					"$(inherited)",
				);
				GCC_WARN_64_TO_32_BIT_CONVERSION = YES;
				GCC_WARN_ABOUT_RETURN_TYPE = YES_ERROR;
				GCC_WARN_UNDECLARED_SELECTOR = YES;
				GCC_WARN_UNINITIALIZED_AUTOS = YES_AGGRESSIVE;
				GCC_WARN_UNUSED_FUNCTION = YES;
				GCC_WARN_UNUSED_VARIABLE = YES;
				IPHONEOS_DEPLOYMENT_TARGET = 13.0;
				MTL_ENABLE_DEBUG_INFO = INCLUDE_SOURCE;
				MTL_FAST_MATH = YES;
				ONLY_ACTIVE_ARCH = YES;
				SDKROOT = iphoneos;
				SWIFT_ACTIVE_COMPILATION_CONDITIONS = DEBUG;
				SWIFT_OPTIMIZATION_LEVEL = "-Onone";
			};
			name = Debug;
		};
		58F91C9E292E43DF00CD8835 /* Release */ = {
			isa = XCBuildConfiguration;
			buildSettings = {
				ALWAYS_SEARCH_USER_PATHS = NO;
				CLANG_ANALYZER_NONNULL = YES;
				CLANG_ANALYZER_NUMBER_OBJECT_CONVERSION = YES_AGGRESSIVE;
				CLANG_CXX_LANGUAGE_STANDARD = "gnu++20";
				CLANG_ENABLE_MODULES = YES;
				CLANG_ENABLE_OBJC_ARC = YES;
				CLANG_ENABLE_OBJC_WEAK = YES;
				CLANG_WARN_BLOCK_CAPTURE_AUTORELEASING = YES;
				CLANG_WARN_BOOL_CONVERSION = YES;
				CLANG_WARN_COMMA = YES;
				CLANG_WARN_CONSTANT_CONVERSION = YES;
				CLANG_WARN_DEPRECATED_OBJC_IMPLEMENTATIONS = YES;
				CLANG_WARN_DIRECT_OBJC_ISA_USAGE = YES_ERROR;
				CLANG_WARN_DOCUMENTATION_COMMENTS = YES;
				CLANG_WARN_EMPTY_BODY = YES;
				CLANG_WARN_ENUM_CONVERSION = YES;
				CLANG_WARN_INFINITE_RECURSION = YES;
				CLANG_WARN_INT_CONVERSION = YES;
				CLANG_WARN_NON_LITERAL_NULL_CONVERSION = YES;
				CLANG_WARN_OBJC_IMPLICIT_RETAIN_SELF = YES;
				CLANG_WARN_OBJC_LITERAL_CONVERSION = YES;
				CLANG_WARN_OBJC_ROOT_CLASS = YES_ERROR;
				CLANG_WARN_QUOTED_INCLUDE_IN_FRAMEWORK_HEADER = YES;
				CLANG_WARN_RANGE_LOOP_ANALYSIS = YES;
				CLANG_WARN_STRICT_PROTOTYPES = YES;
				CLANG_WARN_SUSPICIOUS_MOVE = YES;
				CLANG_WARN_UNGUARDED_AVAILABILITY = YES_AGGRESSIVE;
				CLANG_WARN_UNREACHABLE_CODE = YES;
				CLANG_WARN__DUPLICATE_METHOD_MATCH = YES;
				COPY_PHASE_STRIP = NO;
				DEBUG_INFORMATION_FORMAT = "dwarf-with-dsym";
				ENABLE_NS_ASSERTIONS = NO;
				ENABLE_STRICT_OBJC_MSGSEND = YES;
				GCC_C_LANGUAGE_STANDARD = gnu11;
				GCC_NO_COMMON_BLOCKS = YES;
				GCC_WARN_64_TO_32_BIT_CONVERSION = YES;
				GCC_WARN_ABOUT_RETURN_TYPE = YES_ERROR;
				GCC_WARN_UNDECLARED_SELECTOR = YES;
				GCC_WARN_UNINITIALIZED_AUTOS = YES_AGGRESSIVE;
				GCC_WARN_UNUSED_FUNCTION = YES;
				GCC_WARN_UNUSED_VARIABLE = YES;
				IPHONEOS_DEPLOYMENT_TARGET = 13.0;
				MTL_ENABLE_DEBUG_INFO = NO;
				MTL_FAST_MATH = YES;
				SDKROOT = iphoneos;
				SWIFT_COMPILATION_MODE = wholemodule;
				SWIFT_OPTIMIZATION_LEVEL = "-O";
				VALIDATE_PRODUCT = YES;
			};
			name = Release;
		};
		58F91CA0292E43DF00CD8835 /* Debug */ = {
			isa = XCBuildConfiguration;
			buildSettings = {
				ASSETCATALOG_COMPILER_APPICON_NAME = AppIcon;
				ASSETCATALOG_COMPILER_GLOBAL_ACCENT_COLOR_NAME = AccentColor;
				CODE_SIGN_STYLE = Automatic;
				CURRENT_PROJECT_VERSION = 1;
				DEVELOPMENT_TEAM = JLHRL3S43P;
				GENERATE_INFOPLIST_FILE = YES;
				INFOPLIST_FILE = Mintyn/Info.plist;
				INFOPLIST_KEY_LSApplicationCategoryType = "";
				INFOPLIST_KEY_UIApplicationSupportsIndirectInputEvents = YES;
				INFOPLIST_KEY_UILaunchStoryboardName = LaunchScreen;
				INFOPLIST_KEY_UISupportedInterfaceOrientations_iPad = "UIInterfaceOrientationPortrait UIInterfaceOrientationPortraitUpsideDown UIInterfaceOrientationLandscapeLeft UIInterfaceOrientationLandscapeRight";
				INFOPLIST_KEY_UISupportedInterfaceOrientations_iPhone = "UIInterfaceOrientationPortrait UIInterfaceOrientationLandscapeLeft UIInterfaceOrientationLandscapeRight";
				LD_RUNPATH_SEARCH_PATHS = (
					"$(inherited)",
					"@executable_path/Frameworks",
				);
				MARKETING_VERSION = 1.0;
				PRODUCT_BUNDLE_IDENTIFIER = Items.Mintyn;
				PRODUCT_NAME = "$(TARGET_NAME)";
				SWIFT_EMIT_LOC_STRINGS = YES;
				SWIFT_VERSION = 5.0;
				TARGETED_DEVICE_FAMILY = "1,2";
			};
			name = Debug;
		};
		58F91CA1292E43DF00CD8835 /* Release */ = {
			isa = XCBuildConfiguration;
			buildSettings = {
				ASSETCATALOG_COMPILER_APPICON_NAME = AppIcon;
				ASSETCATALOG_COMPILER_GLOBAL_ACCENT_COLOR_NAME = AccentColor;
				CODE_SIGN_STYLE = Automatic;
				CURRENT_PROJECT_VERSION = 1;
				DEVELOPMENT_TEAM = JLHRL3S43P;
				GENERATE_INFOPLIST_FILE = YES;
				INFOPLIST_FILE = Mintyn/Info.plist;
				INFOPLIST_KEY_LSApplicationCategoryType = "";
				INFOPLIST_KEY_UIApplicationSupportsIndirectInputEvents = YES;
				INFOPLIST_KEY_UILaunchStoryboardName = LaunchScreen;
				INFOPLIST_KEY_UISupportedInterfaceOrientations_iPad = "UIInterfaceOrientationPortrait UIInterfaceOrientationPortraitUpsideDown UIInterfaceOrientationLandscapeLeft UIInterfaceOrientationLandscapeRight";
				INFOPLIST_KEY_UISupportedInterfaceOrientations_iPhone = "UIInterfaceOrientationPortrait UIInterfaceOrientationLandscapeLeft UIInterfaceOrientationLandscapeRight";
				LD_RUNPATH_SEARCH_PATHS = (
					"$(inherited)",
					"@executable_path/Frameworks",
				);
				MARKETING_VERSION = 1.0;
				PRODUCT_BUNDLE_IDENTIFIER = Items.Mintyn;
				PRODUCT_NAME = "$(TARGET_NAME)";
				SWIFT_EMIT_LOC_STRINGS = YES;
				SWIFT_VERSION = 5.0;
				TARGETED_DEVICE_FAMILY = "1,2";
			};
			name = Release;
		};
/* End XCBuildConfiguration section */

/* Begin XCConfigurationList section */
		580DFDA72930A27B004B2DBA /* Build configuration list for PBXNativeTarget "MintynTests" */ = {
			isa = XCConfigurationList;
			buildConfigurations = (
				580DFDA82930A27B004B2DBA /* Debug */,
				580DFDA92930A27B004B2DBA /* Release */,
			);
			defaultConfigurationIsVisible = 0;
			defaultConfigurationName = Release;
		};
		58F91C86292E43DD00CD8835 /* Build configuration list for PBXProject "Mintyn" */ = {
			isa = XCConfigurationList;
			buildConfigurations = (
				58F91C9D292E43DF00CD8835 /* Debug */,
				58F91C9E292E43DF00CD8835 /* Release */,
			);
			defaultConfigurationIsVisible = 0;
			defaultConfigurationName = Release;
		};
		58F91C9F292E43DF00CD8835 /* Build configuration list for PBXNativeTarget "Mintyn" */ = {
			isa = XCConfigurationList;
			buildConfigurations = (
				58F91CA0292E43DF00CD8835 /* Debug */,
				58F91CA1292E43DF00CD8835 /* Release */,
			);
			defaultConfigurationIsVisible = 0;
			defaultConfigurationName = Release;
		};
/* End XCConfigurationList section */

/* Begin XCRemoteSwiftPackageReference section */
		580DFD86292EFA94004B2DBA /* XCRemoteSwiftPackageReference "SnapKit" */ = {
			isa = XCRemoteSwiftPackageReference;
			repositoryURL = "https://github.com/SnapKit/SnapKit";
			requirement = {
				branch = develop;
				kind = branch;
			};
		};
		580DFD95292FF3D9004B2DBA /* XCRemoteSwiftPackageReference "IQKeyboardManager" */ = {
			isa = XCRemoteSwiftPackageReference;
			repositoryURL = "https://github.com/hackiftekhar/IQKeyboardManager";
			requirement = {
				branch = master;
				kind = branch;
			};
		};
/* End XCRemoteSwiftPackageReference section */

/* Begin XCSwiftPackageProductDependency section */
		580DFD87292EFA94004B2DBA /* SnapKit */ = {
			isa = XCSwiftPackageProductDependency;
			package = 580DFD86292EFA94004B2DBA /* XCRemoteSwiftPackageReference "SnapKit" */;
			productName = SnapKit;
		};
		580DFD96292FF3D9004B2DBA /* IQKeyboardManagerSwift */ = {
			isa = XCSwiftPackageProductDependency;
			package = 580DFD95292FF3D9004B2DBA /* XCRemoteSwiftPackageReference "IQKeyboardManager" */;
			productName = IQKeyboardManagerSwift;
		};
/* End XCSwiftPackageProductDependency section */
	};
	rootObject = 58F91C83292E43DD00CD8835 /* Project object */;
}
